
Microsoft Visual Studio Solution File, Format Version 12.00
# Visual Studio Version 16
VisualStudioVersion = 16.0.30128.74
MinimumVisualStudioVersion = 10.0.40219.1
Project("{FAE04EC0-301F-11D3-BF4B-00C04F79EFBC}") = "ubsAuto", "ubsAuto\ubsAuto.csproj", "{D9222A72-B5BC-4B78-8C9F-D41A9685790D}"
EndProject
Global
	GlobalSection(SolutionConfigurationPlatforms) = preSolution
		Debug|Any CPU = Debug|Any CPU
		Release|Any CPU = Release|Any CPU
	EndGlobalSection
	GlobalSection(ProjectConfigurationPlatforms) = postSolution
		{D9222A72-B5BC-4B78-8C9F-D41A9685790D}.Debug|Any CPU.ActiveCfg = Debug|Any CPU
		{D9222A72-B5BC-4B78-8C9F-D41A9685790D}.Debug|Any CPU.Build.0 = Debug|Any CPU
		{D9222A72-B5BC-4B78-8C9F-D41A9685790D}.Release|Any CPU.ActiveCfg = Release|Any CPU
		{D9222A72-B5BC-4B78-8C9F-D41A9685790D}.Release|Any CPU.Build.0 = Release|Any CPU
	EndGlobalSection
	GlobalSection(SolutionProperties) = preSolution
		HideSolutionNode = FALSE
	EndGlobalSection
	GlobalSection(ExtensibilityGlobals) = postSolution
		SolutionGuid = {218A2C04-8227-4D3B-BFD0-342134433DD1}
	EndGlobalSection
EndGlobal
